// !$*UTF8*$!
{
	archiveVersion = 1;
	classes = {
	};
	objectVersion = 55;
	objects = {

/* Begin PBXBuildFile section */
		F941181227C7C52C00C9CEB0 /* PopularDestinationsView.swift in Sources */ = {isa = PBXBuildFile; fileRef = F941181127C7C52C00C9CEB0 /* PopularDestinationsView.swift */; };
		F941181427C7C66000C9CEB0 /* PopularRestaurantsView.swift in Sources */ = {isa = PBXBuildFile; fileRef = F941181327C7C66000C9CEB0 /* PopularRestaurantsView.swift */; };
		F941181627C7C7BB00C9CEB0 /* DiscoverCategoriesView.swift in Sources */ = {isa = PBXBuildFile; fileRef = F941181527C7C7BB00C9CEB0 /* DiscoverCategoriesView.swift */; };
		F941181827C7C7DF00C9CEB0 /* TrendingCreatorsView.swift in Sources */ = {isa = PBXBuildFile; fileRef = F941181727C7C7DF00C9CEB0 /* TrendingCreatorsView.swift */; };
		F941181B27C7C85500C9CEB0 /* Destination.swift in Sources */ = {isa = PBXBuildFile; fileRef = F941181A27C7C85500C9CEB0 /* Destination.swift */; };
		F941181D27C7C87600C9CEB0 /* Restaurant.swift in Sources */ = {isa = PBXBuildFile; fileRef = F941181C27C7C87600C9CEB0 /* Restaurant.swift */; };
		F941181F27C7C88400C9CEB0 /* Creator.swift in Sources */ = {isa = PBXBuildFile; fileRef = F941181E27C7C88400C9CEB0 /* Creator.swift */; };
		F941182127C7C89B00C9CEB0 /* Category.swift in Sources */ = {isa = PBXBuildFile; fileRef = F941182027C7C89B00C9CEB0 /* Category.swift */; };
		F941182427C8C44800C9CEB0 /* TileModifier.swift in Sources */ = {isa = PBXBuildFile; fileRef = F941182327C8C44800C9CEB0 /* TileModifier.swift */; };
		F941182727C8F75700C9CEB0 /* Kingfisher in Frameworks */ = {isa = PBXBuildFile; productRef = F941182627C8F75700C9CEB0 /* Kingfisher */; };
		F941182A27C8FB9000C9CEB0 /* CategoryDetailsView.swift in Sources */ = {isa = PBXBuildFile; fileRef = F941182927C8FB9000C9CEB0 /* CategoryDetailsView.swift */; };
		F941182C27C8FCE800C9CEB0 /* ActivityIndicatorView.swift in Sources */ = {isa = PBXBuildFile; fileRef = F941182B27C8FCE800C9CEB0 /* ActivityIndicatorView.swift */; };
		F941182E27C8FD3300C9CEB0 /* Place.swift in Sources */ = {isa = PBXBuildFile; fileRef = F941182D27C8FD3300C9CEB0 /* Place.swift */; };
		F989447627CCFD9F00CF3761 /* DestinationHeaderContainer.swift in Sources */ = {isa = PBXBuildFile; fileRef = F989447527CCFD9F00CF3761 /* DestinationHeaderContainer.swift */; };
		F98DEC7827C761CF00A1BD7B /* TravelDiscoveryApp.swift in Sources */ = {isa = PBXBuildFile; fileRef = F98DEC7727C761CF00A1BD7B /* TravelDiscoveryApp.swift */; };
		F98DEC7A27C761CF00A1BD7B /* DiscoverView.swift in Sources */ = {isa = PBXBuildFile; fileRef = F98DEC7927C761CF00A1BD7B /* DiscoverView.swift */; };
		F98DEC7C27C761D000A1BD7B /* Assets.xcassets in Resources */ = {isa = PBXBuildFile; fileRef = F98DEC7B27C761D000A1BD7B /* Assets.xcassets */; };
		F98DEC7F27C761D000A1BD7B /* Preview Assets.xcassets in Resources */ = {isa = PBXBuildFile; fileRef = F98DEC7E27C761D000A1BD7B /* Preview Assets.xcassets */; };
		F98DEC8927C761D000A1BD7B /* TravelDiscoveryTests.swift in Sources */ = {isa = PBXBuildFile; fileRef = F98DEC8827C761D000A1BD7B /* TravelDiscoveryTests.swift */; };
		F98DEC9327C761D000A1BD7B /* TravelDiscoveryUITests.swift in Sources */ = {isa = PBXBuildFile; fileRef = F98DEC9227C761D000A1BD7B /* TravelDiscoveryUITests.swift */; };
		F98DEC9527C761D000A1BD7B /* TravelDiscoveryUITestsLaunchTests.swift in Sources */ = {isa = PBXBuildFile; fileRef = F98DEC9427C761D000A1BD7B /* TravelDiscoveryUITestsLaunchTests.swift */; };
/* End PBXBuildFile section */

/* Begin PBXContainerItemProxy section */
		F98DEC8527C761D000A1BD7B /* PBXContainerItemProxy */ = {
			isa = PBXContainerItemProxy;
			containerPortal = F98DEC6C27C761CF00A1BD7B /* Project object */;
			proxyType = 1;
			remoteGlobalIDString = F98DEC7327C761CF00A1BD7B;
			remoteInfo = TravelDiscovery;
		};
		F98DEC8F27C761D000A1BD7B /* PBXContainerItemProxy */ = {
			isa = PBXContainerItemProxy;
			containerPortal = F98DEC6C27C761CF00A1BD7B /* Project object */;
			proxyType = 1;
			remoteGlobalIDString = F98DEC7327C761CF00A1BD7B;
			remoteInfo = TravelDiscovery;
		};
/* End PBXContainerItemProxy section */

/* Begin PBXFileReference section */
		F941181127C7C52C00C9CEB0 /* PopularDestinationsView.swift */ = {isa = PBXFileReference; lastKnownFileType = sourcecode.swift; path = PopularDestinationsView.swift; sourceTree = "<group>"; };
		F941181327C7C66000C9CEB0 /* PopularRestaurantsView.swift */ = {isa = PBXFileReference; lastKnownFileType = sourcecode.swift; path = PopularRestaurantsView.swift; sourceTree = "<group>"; };
		F941181527C7C7BB00C9CEB0 /* DiscoverCategoriesView.swift */ = {isa = PBXFileReference; lastKnownFileType = sourcecode.swift; path = DiscoverCategoriesView.swift; sourceTree = "<group>"; };
		F941181727C7C7DF00C9CEB0 /* TrendingCreatorsView.swift */ = {isa = PBXFileReference; lastKnownFileType = sourcecode.swift; path = TrendingCreatorsView.swift; sourceTree = "<group>"; };
		F941181A27C7C85500C9CEB0 /* Destination.swift */ = {isa = PBXFileReference; lastKnownFileType = sourcecode.swift; path = Destination.swift; sourceTree = "<group>"; };
		F941181C27C7C87600C9CEB0 /* Restaurant.swift */ = {isa = PBXFileReference; lastKnownFileType = sourcecode.swift; path = Restaurant.swift; sourceTree = "<group>"; };
		F941181E27C7C88400C9CEB0 /* Creator.swift */ = {isa = PBXFileReference; lastKnownFileType = sourcecode.swift; path = Creator.swift; sourceTree = "<group>"; };
		F941182027C7C89B00C9CEB0 /* Category.swift */ = {isa = PBXFileReference; lastKnownFileType = sourcecode.swift; path = Category.swift; sourceTree = "<group>"; };
		F941182327C8C44800C9CEB0 /* TileModifier.swift */ = {isa = PBXFileReference; lastKnownFileType = sourcecode.swift; path = TileModifier.swift; sourceTree = "<group>"; };
		F941182927C8FB9000C9CEB0 /* CategoryDetailsView.swift */ = {isa = PBXFileReference; lastKnownFileType = sourcecode.swift; path = CategoryDetailsView.swift; sourceTree = "<group>"; };
		F941182B27C8FCE800C9CEB0 /* ActivityIndicatorView.swift */ = {isa = PBXFileReference; lastKnownFileType = sourcecode.swift; path = ActivityIndicatorView.swift; sourceTree = "<group>"; };
		F941182D27C8FD3300C9CEB0 /* Place.swift */ = {isa = PBXFileReference; lastKnownFileType = sourcecode.swift; path = Place.swift; sourceTree = "<group>"; };
		F989447527CCFD9F00CF3761 /* DestinationHeaderContainer.swift */ = {isa = PBXFileReference; lastKnownFileType = sourcecode.swift; path = DestinationHeaderContainer.swift; sourceTree = "<group>"; };
		F98DEC7427C761CF00A1BD7B /* TravelDiscovery.app */ = {isa = PBXFileReference; explicitFileType = wrapper.application; includeInIndex = 0; path = TravelDiscovery.app; sourceTree = BUILT_PRODUCTS_DIR; };
		F98DEC7727C761CF00A1BD7B /* TravelDiscoveryApp.swift */ = {isa = PBXFileReference; lastKnownFileType = sourcecode.swift; path = TravelDiscoveryApp.swift; sourceTree = "<group>"; };
		F98DEC7927C761CF00A1BD7B /* DiscoverView.swift */ = {isa = PBXFileReference; lastKnownFileType = sourcecode.swift; path = DiscoverView.swift; sourceTree = "<group>"; };
		F98DEC7B27C761D000A1BD7B /* Assets.xcassets */ = {isa = PBXFileReference; lastKnownFileType = folder.assetcatalog; path = Assets.xcassets; sourceTree = "<group>"; };
		F98DEC7E27C761D000A1BD7B /* Preview Assets.xcassets */ = {isa = PBXFileReference; lastKnownFileType = folder.assetcatalog; path = "Preview Assets.xcassets"; sourceTree = "<group>"; };
		F98DEC8427C761D000A1BD7B /* TravelDiscoveryTests.xctest */ = {isa = PBXFileReference; explicitFileType = wrapper.cfbundle; includeInIndex = 0; path = TravelDiscoveryTests.xctest; sourceTree = BUILT_PRODUCTS_DIR; };
		F98DEC8827C761D000A1BD7B /* TravelDiscoveryTests.swift */ = {isa = PBXFileReference; lastKnownFileType = sourcecode.swift; path = TravelDiscoveryTests.swift; sourceTree = "<group>"; };
		F98DEC8E27C761D000A1BD7B /* TravelDiscoveryUITests.xctest */ = {isa = PBXFileReference; explicitFileType = wrapper.cfbundle; includeInIndex = 0; path = TravelDiscoveryUITests.xctest; sourceTree = BUILT_PRODUCTS_DIR; };
		F98DEC9227C761D000A1BD7B /* TravelDiscoveryUITests.swift */ = {isa = PBXFileReference; lastKnownFileType = sourcecode.swift; path = TravelDiscoveryUITests.swift; sourceTree = "<group>"; };
		F98DEC9427C761D000A1BD7B /* TravelDiscoveryUITestsLaunchTests.swift */ = {isa = PBXFileReference; lastKnownFileType = sourcecode.swift; path = TravelDiscoveryUITestsLaunchTests.swift; sourceTree = "<group>"; };
/* End PBXFileReference section */

/* Begin PBXFrameworksBuildPhase section */
		F98DEC7127C761CF00A1BD7B /* Frameworks */ = {
			isa = PBXFrameworksBuildPhase;
			buildActionMask = 2147483647;
			files = (
				F941182727C8F75700C9CEB0 /* Kingfisher in Frameworks */,
			);
			runOnlyForDeploymentPostprocessing = 0;
		};
		F98DEC8127C761D000A1BD7B /* Frameworks */ = {
			isa = PBXFrameworksBuildPhase;
			buildActionMask = 2147483647;
			files = (
			);
			runOnlyForDeploymentPostprocessing = 0;
		};
		F98DEC8B27C761D000A1BD7B /* Frameworks */ = {
			isa = PBXFrameworksBuildPhase;
			buildActionMask = 2147483647;
			files = (
			);
			runOnlyForDeploymentPostprocessing = 0;
		};
/* End PBXFrameworksBuildPhase section */

/* Begin PBXGroup section */
		F941181027C7C3B200C9CEB0 /* Discover */ = {
			isa = PBXGroup;
			children = (
				F989447327CCFD7F00CF3761 /* Destination */,
				F941182827C8FB7E00C9CEB0 /* Category */,
				F98DEC7927C761CF00A1BD7B /* DiscoverView.swift */,
				F941181127C7C52C00C9CEB0 /* PopularDestinationsView.swift */,
				F941181327C7C66000C9CEB0 /* PopularRestaurantsView.swift */,
				F941181527C7C7BB00C9CEB0 /* DiscoverCategoriesView.swift */,
				F941181727C7C7DF00C9CEB0 /* TrendingCreatorsView.swift */,
			);
			path = Discover;
			sourceTree = "<group>";
		};
		F941181927C7C83300C9CEB0 /* Models */ = {
			isa = PBXGroup;
			children = (
				F941181A27C7C85500C9CEB0 /* Destination.swift */,
				F941181C27C7C87600C9CEB0 /* Restaurant.swift */,
				F941181E27C7C88400C9CEB0 /* Creator.swift */,
				F941182027C7C89B00C9CEB0 /* Category.swift */,
				F941182D27C8FD3300C9CEB0 /* Place.swift */,
			);
			path = Models;
			sourceTree = "<group>";
		};
		F941182227C8C43700C9CEB0 /* Utils */ = {
			isa = PBXGroup;
			children = (
				F941182327C8C44800C9CEB0 /* TileModifier.swift */,
				F941182B27C8FCE800C9CEB0 /* ActivityIndicatorView.swift */,
			);
			path = Utils;
			sourceTree = "<group>";
		};
		F941182827C8FB7E00C9CEB0 /* Category */ = {
			isa = PBXGroup;
			children = (
				F941182927C8FB9000C9CEB0 /* CategoryDetailsView.swift */,
			);
			path = Category;
			sourceTree = "<group>";
		};
		F989447327CCFD7F00CF3761 /* Destination */ = {
			isa = PBXGroup;
			children = (
				F989447527CCFD9F00CF3761 /* DestinationHeaderContainer.swift */,
			);
			path = Destination;
			sourceTree = "<group>";
		};
		F98DEC6B27C761CF00A1BD7B = {
			isa = PBXGroup;
			children = (
				F98DEC7627C761CF00A1BD7B /* TravelDiscovery */,
				F98DEC8727C761D000A1BD7B /* TravelDiscoveryTests */,
				F98DEC9127C761D000A1BD7B /* TravelDiscoveryUITests */,
				F98DEC7527C761CF00A1BD7B /* Products */,
			);
			sourceTree = "<group>";
		};
		F98DEC7527C761CF00A1BD7B /* Products */ = {
			isa = PBXGroup;
			children = (
				F98DEC7427C761CF00A1BD7B /* TravelDiscovery.app */,
				F98DEC8427C761D000A1BD7B /* TravelDiscoveryTests.xctest */,
				F98DEC8E27C761D000A1BD7B /* TravelDiscoveryUITests.xctest */,
			);
			name = Products;
			sourceTree = "<group>";
		};
		F98DEC7627C761CF00A1BD7B /* TravelDiscovery */ = {
			isa = PBXGroup;
			children = (
				F941182227C8C43700C9CEB0 /* Utils */,
				F941181927C7C83300C9CEB0 /* Models */,
				F941181027C7C3B200C9CEB0 /* Discover */,
				F98DEC7727C761CF00A1BD7B /* TravelDiscoveryApp.swift */,
				F98DEC7B27C761D000A1BD7B /* Assets.xcassets */,
				F98DEC7D27C761D000A1BD7B /* Preview Content */,
			);
			path = TravelDiscovery;
			sourceTree = "<group>";
		};
		F98DEC7D27C761D000A1BD7B /* Preview Content */ = {
			isa = PBXGroup;
			children = (
				F98DEC7E27C761D000A1BD7B /* Preview Assets.xcassets */,
			);
			path = "Preview Content";
			sourceTree = "<group>";
		};
		F98DEC8727C761D000A1BD7B /* TravelDiscoveryTests */ = {
			isa = PBXGroup;
			children = (
				F98DEC8827C761D000A1BD7B /* TravelDiscoveryTests.swift */,
			);
			path = TravelDiscoveryTests;
			sourceTree = "<group>";
		};
		F98DEC9127C761D000A1BD7B /* TravelDiscoveryUITests */ = {
			isa = PBXGroup;
			children = (
				F98DEC9227C761D000A1BD7B /* TravelDiscoveryUITests.swift */,
				F98DEC9427C761D000A1BD7B /* TravelDiscoveryUITestsLaunchTests.swift */,
			);
			path = TravelDiscoveryUITests;
			sourceTree = "<group>";
		};
/* End PBXGroup section */

/* Begin PBXNativeTarget section */
		F98DEC7327C761CF00A1BD7B /* TravelDiscovery */ = {
			isa = PBXNativeTarget;
			buildConfigurationList = F98DEC9827C761D000A1BD7B /* Build configuration list for PBXNativeTarget "TravelDiscovery" */;
			buildPhases = (
				F98DEC7027C761CF00A1BD7B /* Sources */,
				F98DEC7127C761CF00A1BD7B /* Frameworks */,
				F98DEC7227C761CF00A1BD7B /* Resources */,
			);
			buildRules = (
			);
			dependencies = (
			);
			name = TravelDiscovery;
			packageProductDependencies = (
				F941182627C8F75700C9CEB0 /* Kingfisher */,
			);
			productName = TravelDiscovery;
			productReference = F98DEC7427C761CF00A1BD7B /* TravelDiscovery.app */;
			productType = "com.apple.product-type.application";
		};
		F98DEC8327C761D000A1BD7B /* TravelDiscoveryTests */ = {
			isa = PBXNativeTarget;
			buildConfigurationList = F98DEC9B27C761D000A1BD7B /* Build configuration list for PBXNativeTarget "TravelDiscoveryTests" */;
			buildPhases = (
				F98DEC8027C761D000A1BD7B /* Sources */,
				F98DEC8127C761D000A1BD7B /* Frameworks */,
				F98DEC8227C761D000A1BD7B /* Resources */,
			);
			buildRules = (
			);
			dependencies = (
				F98DEC8627C761D000A1BD7B /* PBXTargetDependency */,
			);
			name = TravelDiscoveryTests;
			productName = TravelDiscoveryTests;
			productReference = F98DEC8427C761D000A1BD7B /* TravelDiscoveryTests.xctest */;
			productType = "com.apple.product-type.bundle.unit-test";
		};
		F98DEC8D27C761D000A1BD7B /* TravelDiscoveryUITests */ = {
			isa = PBXNativeTarget;
			buildConfigurationList = F98DEC9E27C761D000A1BD7B /* Build configuration list for PBXNativeTarget "TravelDiscoveryUITests" */;
			buildPhases = (
				F98DEC8A27C761D000A1BD7B /* Sources */,
				F98DEC8B27C761D000A1BD7B /* Frameworks */,
				F98DEC8C27C761D000A1BD7B /* Resources */,
			);
			buildRules = (
			);
			dependencies = (
				F98DEC9027C761D000A1BD7B /* PBXTargetDependency */,
			);
			name = TravelDiscoveryUITests;
			productName = TravelDiscoveryUITests;
			productReference = F98DEC8E27C761D000A1BD7B /* TravelDiscoveryUITests.xctest */;
			productType = "com.apple.product-type.bundle.ui-testing";
		};
/* End PBXNativeTarget section */

/* Begin PBXProject section */
		F98DEC6C27C761CF00A1BD7B /* Project object */ = {
			isa = PBXProject;
			attributes = {
				BuildIndependentTargetsInParallel = 1;
				LastSwiftUpdateCheck = 1320;
				LastUpgradeCheck = 1320;
				TargetAttributes = {
					F98DEC7327C761CF00A1BD7B = {
						CreatedOnToolsVersion = 13.2.1;
					};
					F98DEC8327C761D000A1BD7B = {
						CreatedOnToolsVersion = 13.2.1;
						TestTargetID = F98DEC7327C761CF00A1BD7B;
					};
					F98DEC8D27C761D000A1BD7B = {
						CreatedOnToolsVersion = 13.2.1;
						TestTargetID = F98DEC7327C761CF00A1BD7B;
					};
				};
			};
			buildConfigurationList = F98DEC6F27C761CF00A1BD7B /* Build configuration list for PBXProject "TravelDiscovery" */;
			compatibilityVersion = "Xcode 13.0";
			developmentRegion = en;
			hasScannedForEncodings = 0;
			knownRegions = (
				en,
				Base,
			);
			mainGroup = F98DEC6B27C761CF00A1BD7B;
			packageReferences = (
				F941182527C8F75700C9CEB0 /* XCRemoteSwiftPackageReference "Kingfisher" */,
			);
			productRefGroup = F98DEC7527C761CF00A1BD7B /* Products */;
			projectDirPath = "";
			projectRoot = "";
			targets = (
				F98DEC7327C761CF00A1BD7B /* TravelDiscovery */,
				F98DEC8327C761D000A1BD7B /* TravelDiscoveryTests */,
				F98DEC8D27C761D000A1BD7B /* TravelDiscoveryUITests */,
			);
		};
/* End PBXProject section */

/* Begin PBXResourcesBuildPhase section */
		F98DEC7227C761CF00A1BD7B /* Resources */ = {
			isa = PBXResourcesBuildPhase;
			buildActionMask = 2147483647;
			files = (
				F98DEC7F27C761D000A1BD7B /* Preview Assets.xcassets in Resources */,
				F98DEC7C27C761D000A1BD7B /* Assets.xcassets in Resources */,
			);
			runOnlyForDeploymentPostprocessing = 0;
		};
		F98DEC8227C761D000A1BD7B /* Resources */ = {
			isa = PBXResourcesBuildPhase;
			buildActionMask = 2147483647;
			files = (
			);
			runOnlyForDeploymentPostprocessing = 0;
		};
		F98DEC8C27C761D000A1BD7B /* Resources */ = {
			isa = PBXResourcesBuildPhase;
			buildActionMask = 2147483647;
			files = (
			);
			runOnlyForDeploymentPostprocessing = 0;
		};
/* End PBXResourcesBuildPhase section */

/* Begin PBXSourcesBuildPhase section */
		F98DEC7027C761CF00A1BD7B /* Sources */ = {
			isa = PBXSourcesBuildPhase;
			buildActionMask = 2147483647;
			files = (
				F941181627C7C7BB00C9CEB0 /* DiscoverCategoriesView.swift in Sources */,
				F941182427C8C44800C9CEB0 /* TileModifier.swift in Sources */,
				F941182127C7C89B00C9CEB0 /* Category.swift in Sources */,
				F941181227C7C52C00C9CEB0 /* PopularDestinationsView.swift in Sources */,
				F941181F27C7C88400C9CEB0 /* Creator.swift in Sources */,
				F989447627CCFD9F00CF3761 /* DestinationHeaderContainer.swift in Sources */,
				F941182E27C8FD3300C9CEB0 /* Place.swift in Sources */,
				F941181827C7C7DF00C9CEB0 /* TrendingCreatorsView.swift in Sources */,
				F98DEC7A27C761CF00A1BD7B /* DiscoverView.swift in Sources */,
				F941181D27C7C87600C9CEB0 /* Restaurant.swift in Sources */,
				F98DEC7827C761CF00A1BD7B /* TravelDiscoveryApp.swift in Sources */,
				F941181427C7C66000C9CEB0 /* PopularRestaurantsView.swift in Sources */,
				F941181B27C7C85500C9CEB0 /* Destination.swift in Sources */,
				F941182C27C8FCE800C9CEB0 /* ActivityIndicatorView.swift in Sources */,
				F941182A27C8FB9000C9CEB0 /* CategoryDetailsView.swift in Sources */,
			);
			runOnlyForDeploymentPostprocessing = 0;
		};
		F98DEC8027C761D000A1BD7B /* Sources */ = {
			isa = PBXSourcesBuildPhase;
			buildActionMask = 2147483647;
			files = (
				F98DEC8927C761D000A1BD7B /* TravelDiscoveryTests.swift in Sources */,
			);
			runOnlyForDeploymentPostprocessing = 0;
		};
		F98DEC8A27C761D000A1BD7B /* Sources */ = {
			isa = PBXSourcesBuildPhase;
			buildActionMask = 2147483647;
			files = (
				F98DEC9327C761D000A1BD7B /* TravelDiscoveryUITests.swift in Sources */,
				F98DEC9527C761D000A1BD7B /* TravelDiscoveryUITestsLaunchTests.swift in Sources */,
			);
			runOnlyForDeploymentPostprocessing = 0;
		};
/* End PBXSourcesBuildPhase section */

/* Begin PBXTargetDependency section */
		F98DEC8627C761D000A1BD7B /* PBXTargetDependency */ = {
			isa = PBXTargetDependency;
			target = F98DEC7327C761CF00A1BD7B /* TravelDiscovery */;
			targetProxy = F98DEC8527C761D000A1BD7B /* PBXContainerItemProxy */;
		};
		F98DEC9027C761D000A1BD7B /* PBXTargetDependency */ = {
			isa = PBXTargetDependency;
			target = F98DEC7327C761CF00A1BD7B /* TravelDiscovery */;
			targetProxy = F98DEC8F27C761D000A1BD7B /* PBXContainerItemProxy */;
		};
/* End PBXTargetDependency section */

/* Begin XCBuildConfiguration section */
		F98DEC9627C761D000A1BD7B /* Debug */ = {
			isa = XCBuildConfiguration;
			buildSettings = {
				ALWAYS_SEARCH_USER_PATHS = NO;
				CLANG_ANALYZER_NONNULL = YES;
				CLANG_ANALYZER_NUMBER_OBJECT_CONVERSION = YES_AGGRESSIVE;
				CLANG_CXX_LANGUAGE_STANDARD = "gnu++17";
				CLANG_CXX_LIBRARY = "libc++";
				CLANG_ENABLE_MODULES = YES;
				CLANG_ENABLE_OBJC_ARC = YES;
				CLANG_ENABLE_OBJC_WEAK = YES;
				CLANG_WARN_BLOCK_CAPTURE_AUTORELEASING = YES;
				CLANG_WARN_BOOL_CONVERSION = YES;
				CLANG_WARN_COMMA = YES;
				CLANG_WARN_CONSTANT_CONVERSION = YES;
				CLANG_WARN_DEPRECATED_OBJC_IMPLEMENTATIONS = YES;
				CLANG_WARN_DIRECT_OBJC_ISA_USAGE = YES_ERROR;
				CLANG_WARN_DOCUMENTATION_COMMENTS = YES;
				CLANG_WARN_EMPTY_BODY = YES;
				CLANG_WARN_ENUM_CONVERSION = YES;
				CLANG_WARN_INFINITE_RECURSION = YES;
				CLANG_WARN_INT_CONVERSION = YES;
				CLANG_WARN_NON_LITERAL_NULL_CONVERSION = YES;
				CLANG_WARN_OBJC_IMPLICIT_RETAIN_SELF = YES;
				CLANG_WARN_OBJC_LITERAL_CONVERSION = YES;
				CLANG_WARN_OBJC_ROOT_CLASS = YES_ERROR;
				CLANG_WARN_QUOTED_INCLUDE_IN_FRAMEWORK_HEADER = YES;
				CLANG_WARN_RANGE_LOOP_ANALYSIS = YES;
				CLANG_WARN_STRICT_PROTOTYPES = YES;
				CLANG_WARN_SUSPICIOUS_MOVE = YES;
				CLANG_WARN_UNGUARDED_AVAILABILITY = YES_AGGRESSIVE;
				CLANG_WARN_UNREACHABLE_CODE = YES;
				CLANG_WARN__DUPLICATE_METHOD_MATCH = YES;
				COPY_PHASE_STRIP = NO;
				DEBUG_INFORMATION_FORMAT = dwarf;
				ENABLE_STRICT_OBJC_MSGSEND = YES;
				ENABLE_TESTABILITY = YES;
				GCC_C_LANGUAGE_STANDARD = gnu11;
				GCC_DYNAMIC_NO_PIC = NO;
				GCC_NO_COMMON_BLOCKS = YES;
				GCC_OPTIMIZATION_LEVEL = 0;
				GCC_PREPROCESSOR_DEFINITIONS = (
					"DEBUG=1",
					"$(inherited)",
				);
				GCC_WARN_64_TO_32_BIT_CONVERSION = YES;
				GCC_WARN_ABOUT_RETURN_TYPE = YES_ERROR;
				GCC_WARN_UNDECLARED_SELECTOR = YES;
				GCC_WARN_UNINITIALIZED_AUTOS = YES_AGGRESSIVE;
				GCC_WARN_UNUSED_FUNCTION = YES;
				GCC_WARN_UNUSED_VARIABLE = YES;
				IPHONEOS_DEPLOYMENT_TARGET = 15.2;
				MTL_ENABLE_DEBUG_INFO = INCLUDE_SOURCE;
				MTL_FAST_MATH = YES;
				ONLY_ACTIVE_ARCH = YES;
				SDKROOT = iphoneos;
				SWIFT_ACTIVE_COMPILATION_CONDITIONS = DEBUG;
				SWIFT_OPTIMIZATION_LEVEL = "-Onone";
			};
			name = Debug;
		};
		F98DEC9727C761D000A1BD7B /* Release */ = {
			isa = XCBuildConfiguration;
			buildSettings = {
				ALWAYS_SEARCH_USER_PATHS = NO;
				CLANG_ANALYZER_NONNULL = YES;
				CLANG_ANALYZER_NUMBER_OBJECT_CONVERSION = YES_AGGRESSIVE;
				CLANG_CXX_LANGUAGE_STANDARD = "gnu++17";
				CLANG_CXX_LIBRARY = "libc++";
				CLANG_ENABLE_MODULES = YES;
				CLANG_ENABLE_OBJC_ARC = YES;
				CLANG_ENABLE_OBJC_WEAK = YES;
				CLANG_WARN_BLOCK_CAPTURE_AUTORELEASING = YES;
				CLANG_WARN_BOOL_CONVERSION = YES;
				CLANG_WARN_COMMA = YES;
				CLANG_WARN_CONSTANT_CONVERSION = YES;
				CLANG_WARN_DEPRECATED_OBJC_IMPLEMENTATIONS = YES;
				CLANG_WARN_DIRECT_OBJC_ISA_USAGE = YES_ERROR;
				CLANG_WARN_DOCUMENTATION_COMMENTS = YES;
				CLANG_WARN_EMPTY_BODY = YES;
				CLANG_WARN_ENUM_CONVERSION = YES;
				CLANG_WARN_INFINITE_RECURSION = YES;
				CLANG_WARN_INT_CONVERSION = YES;
				CLANG_WARN_NON_LITERAL_NULL_CONVERSION = YES;
				CLANG_WARN_OBJC_IMPLICIT_RETAIN_SELF = YES;
				CLANG_WARN_OBJC_LITERAL_CONVERSION = YES;
				CLANG_WARN_OBJC_ROOT_CLASS = YES_ERROR;
				CLANG_WARN_QUOTED_INCLUDE_IN_FRAMEWORK_HEADER = YES;
				CLANG_WARN_RANGE_LOOP_ANALYSIS = YES;
				CLANG_WARN_STRICT_PROTOTYPES = YES;
				CLANG_WARN_SUSPICIOUS_MOVE = YES;
				CLANG_WARN_UNGUARDED_AVAILABILITY = YES_AGGRESSIVE;
				CLANG_WARN_UNREACHABLE_CODE = YES;
				CLANG_WARN__DUPLICATE_METHOD_MATCH = YES;
				COPY_PHASE_STRIP = NO;
				DEBUG_INFORMATION_FORMAT = "dwarf-with-dsym";
				ENABLE_NS_ASSERTIONS = NO;
				ENABLE_STRICT_OBJC_MSGSEND = YES;
				GCC_C_LANGUAGE_STANDARD = gnu11;
				GCC_NO_COMMON_BLOCKS = YES;
				GCC_WARN_64_TO_32_BIT_CONVERSION = YES;
				GCC_WARN_ABOUT_RETURN_TYPE = YES_ERROR;
				GCC_WARN_UNDECLARED_SELECTOR = YES;
				GCC_WARN_UNINITIALIZED_AUTOS = YES_AGGRESSIVE;
				GCC_WARN_UNUSED_FUNCTION = YES;
				GCC_WARN_UNUSED_VARIABLE = YES;
				IPHONEOS_DEPLOYMENT_TARGET = 15.2;
				MTL_ENABLE_DEBUG_INFO = NO;
				MTL_FAST_MATH = YES;
				SDKROOT = iphoneos;
				SWIFT_COMPILATION_MODE = wholemodule;
				SWIFT_OPTIMIZATION_LEVEL = "-O";
				VALIDATE_PRODUCT = YES;
			};
			name = Release;
		};
		F98DEC9927C761D000A1BD7B /* Debug */ = {
			isa = XCBuildConfiguration;
			buildSettings = {
				ASSETCATALOG_COMPILER_APPICON_NAME = AppIcon;
				ASSETCATALOG_COMPILER_GLOBAL_ACCENT_COLOR_NAME = AccentColor;
				CODE_SIGN_STYLE = Automatic;
				CURRENT_PROJECT_VERSION = 1;
				DEVELOPMENT_ASSET_PATHS = "\"TravelDiscovery/Preview Content\"";
				ENABLE_PREVIEWS = YES;
				GENERATE_INFOPLIST_FILE = YES;
				INFOPLIST_KEY_UIApplicationSceneManifest_Generation = YES;
				INFOPLIST_KEY_UIApplicationSupportsIndirectInputEvents = YES;
				INFOPLIST_KEY_UILaunchScreen_Generation = YES;
				INFOPLIST_KEY_UISupportedInterfaceOrientations_iPad = "UIInterfaceOrientationPortrait UIInterfaceOrientationPortraitUpsideDown UIInterfaceOrientationLandscapeLeft UIInterfaceOrientationLandscapeRight";
				INFOPLIST_KEY_UISupportedInterfaceOrientations_iPhone = "UIInterfaceOrientationPortrait UIInterfaceOrientationLandscapeLeft UIInterfaceOrientationLandscapeRight";
				LD_RUNPATH_SEARCH_PATHS = (
					"$(inherited)",
					"@executable_path/Frameworks",
				);
				MARKETING_VERSION = 1.0;
				PRODUCT_BUNDLE_IDENTIFIER = "Shirayo-own.TravelDiscovery";
				PRODUCT_NAME = "$(TARGET_NAME)";
				SWIFT_EMIT_LOC_STRINGS = YES;
				SWIFT_VERSION = 5.0;
				TARGETED_DEVICE_FAMILY = "1,2";
			};
			name = Debug;
		};
		F98DEC9A27C761D000A1BD7B /* Release */ = {
			isa = XCBuildConfiguration;
			buildSettings = {
				ASSETCATALOG_COMPILER_APPICON_NAME = AppIcon;
				ASSETCATALOG_COMPILER_GLOBAL_ACCENT_COLOR_NAME = AccentColor;
				CODE_SIGN_STYLE = Automatic;
				CURRENT_PROJECT_VERSION = 1;
				DEVELOPMENT_ASSET_PATHS = "\"TravelDiscovery/Preview Content\"";
				ENABLE_PREVIEWS = YES;
				GENERATE_INFOPLIST_FILE = YES;
				INFOPLIST_KEY_UIApplicationSceneManifest_Generation = YES;
				INFOPLIST_KEY_UIApplicationSupportsIndirectInputEvents = YES;
				INFOPLIST_KEY_UILaunchScreen_Generation = YES;
				INFOPLIST_KEY_UISupportedInterfaceOrientations_iPad = "UIInterfaceOrientationPortrait UIInterfaceOrientationPortraitUpsideDown UIInterfaceOrientationLandscapeLeft UIInterfaceOrientationLandscapeRight";
				INFOPLIST_KEY_UISupportedInterfaceOrientations_iPhone = "UIInterfaceOrientationPortrait UIInterfaceOrientationLandscapeLeft UIInterfaceOrientationLandscapeRight";
				LD_RUNPATH_SEARCH_PATHS = (
					"$(inherited)",
					"@executable_path/Frameworks",
				);
				MARKETING_VERSION = 1.0;
				PRODUCT_BUNDLE_IDENTIFIER = "Shirayo-own.TravelDiscovery";
				PRODUCT_NAME = "$(TARGET_NAME)";
				SWIFT_EMIT_LOC_STRINGS = YES;
				SWIFT_VERSION = 5.0;
				TARGETED_DEVICE_FAMILY = "1,2";
			};
			name = Release;
		};
		F98DEC9C27C761D000A1BD7B /* Debug */ = {
			isa = XCBuildConfiguration;
			buildSettings = {
				ALWAYS_EMBED_SWIFT_STANDARD_LIBRARIES = YES;
				BUNDLE_LOADER = "$(TEST_HOST)";
				CODE_SIGN_STYLE = Automatic;
				CURRENT_PROJECT_VERSION = 1;
				GENERATE_INFOPLIST_FILE = YES;
				IPHONEOS_DEPLOYMENT_TARGET = 15.2;
				MARKETING_VERSION = 1.0;
				PRODUCT_BUNDLE_IDENTIFIER = "Shirayo-own.TravelDiscoveryTests";
				PRODUCT_NAME = "$(TARGET_NAME)";
				SWIFT_EMIT_LOC_STRINGS = NO;
				SWIFT_VERSION = 5.0;
				TARGETED_DEVICE_FAMILY = "1,2";
				TEST_HOST = "$(BUILT_PRODUCTS_DIR)/TravelDiscovery.app/TravelDiscovery";
			};
			name = Debug;
		};
		F98DEC9D27C761D000A1BD7B /* Release */ = {
			isa = XCBuildConfiguration;
			buildSettings = {
				ALWAYS_EMBED_SWIFT_STANDARD_LIBRARIES = YES;
				BUNDLE_LOADER = "$(TEST_HOST)";
				CODE_SIGN_STYLE = Automatic;
				CURRENT_PROJECT_VERSION = 1;
				GENERATE_INFOPLIST_FILE = YES;
				IPHONEOS_DEPLOYMENT_TARGET = 15.2;
				MARKETING_VERSION = 1.0;
				PRODUCT_BUNDLE_IDENTIFIER = "Shirayo-own.TravelDiscoveryTests";
				PRODUCT_NAME = "$(TARGET_NAME)";
				SWIFT_EMIT_LOC_STRINGS = NO;
				SWIFT_VERSION = 5.0;
				TARGETED_DEVICE_FAMILY = "1,2";
				TEST_HOST = "$(BUILT_PRODUCTS_DIR)/TravelDiscovery.app/TravelDiscovery";
			};
			name = Release;
		};
		F98DEC9F27C761D000A1BD7B /* Debug */ = {
			isa = XCBuildConfiguration;
			buildSettings = {
				ALWAYS_EMBED_SWIFT_STANDARD_LIBRARIES = YES;
				CODE_SIGN_STYLE = Automatic;
				CURRENT_PROJECT_VERSION = 1;
				GENERATE_INFOPLIST_FILE = YES;
				MARKETING_VERSION = 1.0;
				PRODUCT_BUNDLE_IDENTIFIER = "Shirayo-own.TravelDiscoveryUITests";
				PRODUCT_NAME = "$(TARGET_NAME)";
				SWIFT_EMIT_LOC_STRINGS = NO;
				SWIFT_VERSION = 5.0;
				TARGETED_DEVICE_FAMILY = "1,2";
				TEST_TARGET_NAME = TravelDiscovery;
			};
			name = Debug;
		};
		F98DECA027C761D000A1BD7B /* Release */ = {
			isa = XCBuildConfiguration;
			buildSettings = {
				ALWAYS_EMBED_SWIFT_STANDARD_LIBRARIES = YES;
				CODE_SIGN_STYLE = Automatic;
				CURRENT_PROJECT_VERSION = 1;
				GENERATE_INFOPLIST_FILE = YES;
				MARKETING_VERSION = 1.0;
				PRODUCT_BUNDLE_IDENTIFIER = "Shirayo-own.TravelDiscoveryUITests";
				PRODUCT_NAME = "$(TARGET_NAME)";
				SWIFT_EMIT_LOC_STRINGS = NO;
				SWIFT_VERSION = 5.0;
				TARGETED_DEVICE_FAMILY = "1,2";
				TEST_TARGET_NAME = TravelDiscovery;
			};
			name = Release;
		};
/* End XCBuildConfiguration section */

/* Begin XCConfigurationList section */
		F98DEC6F27C761CF00A1BD7B /* Build configuration list for PBXProject "TravelDiscovery" */ = {
			isa = XCConfigurationList;
			buildConfigurations = (
				F98DEC9627C761D000A1BD7B /* Debug */,
				F98DEC9727C761D000A1BD7B /* Release */,
			);
			defaultConfigurationIsVisible = 0;
			defaultConfigurationName = Release;
		};
		F98DEC9827C761D000A1BD7B /* Build configuration list for PBXNativeTarget "TravelDiscovery" */ = {
			isa = XCConfigurationList;
			buildConfigurations = (
				F98DEC9927C761D000A1BD7B /* Debug */,
				F98DEC9A27C761D000A1BD7B /* Release */,
			);
			defaultConfigurationIsVisible = 0;
			defaultConfigurationName = Release;
		};
		F98DEC9B27C761D000A1BD7B /* Build configuration list for PBXNativeTarget "TravelDiscoveryTests" */ = {
			isa = XCConfigurationList;
			buildConfigurations = (
				F98DEC9C27C761D000A1BD7B /* Debug */,
				F98DEC9D27C761D000A1BD7B /* Release */,
			);
			defaultConfigurationIsVisible = 0;
			defaultConfigurationName = Release;
		};
		F98DEC9E27C761D000A1BD7B /* Build configuration list for PBXNativeTarget "TravelDiscoveryUITests" */ = {
			isa = XCConfigurationList;
			buildConfigurations = (
				F98DEC9F27C761D000A1BD7B /* Debug */,
				F98DECA027C761D000A1BD7B /* Release */,
			);
			defaultConfigurationIsVisible = 0;
			defaultConfigurationName = Release;
		};
/* End XCConfigurationList section */

/* Begin XCRemoteSwiftPackageReference section */
		F941182527C8F75700C9CEB0 /* XCRemoteSwiftPackageReference "Kingfisher" */ = {
			isa = XCRemoteSwiftPackageReference;
			repositoryURL = "https://github.com/onevcat/Kingfisher";
			requirement = {
				kind = upToNextMajorVersion;
				minimumVersion = 7.0.0;
			};
		};
/* End XCRemoteSwiftPackageReference section */

/* Begin XCSwiftPackageProductDependency section */
		F941182627C8F75700C9CEB0 /* Kingfisher */ = {
			isa = XCSwiftPackageProductDependency;
			package = F941182527C8F75700C9CEB0 /* XCRemoteSwiftPackageReference "Kingfisher" */;
			productName = Kingfisher;
		};
/* End XCSwiftPackageProductDependency section */
	};
	rootObject = F98DEC6C27C761CF00A1BD7B /* Project object */;
}
